// !$*UTF8*$!
{
	archiveVersion = 1;
	classes = {
	};
	objectVersion = 55;
	objects = {

/* Begin PBXBuildFile section */
		041F3A54268F9F54004597B9 /* Bundesliga_TrackerApp.swift in Sources */ = {isa = PBXBuildFile; fileRef = 041F3A53268F9F54004597B9 /* Bundesliga_TrackerApp.swift */; };
		041F3A56268F9F54004597B9 /* ContentView.swift in Sources */ = {isa = PBXBuildFile; fileRef = 041F3A55268F9F54004597B9 /* ContentView.swift */; };
		041F3A58268F9F54004597B9 /* Assets.xcassets in Resources */ = {isa = PBXBuildFile; fileRef = 041F3A57268F9F54004597B9 /* Assets.xcassets */; };
		041F3A5B268F9F54004597B9 /* Preview Assets.xcassets in Resources */ = {isa = PBXBuildFile; fileRef = 041F3A5A268F9F54004597B9 /* Preview Assets.xcassets */; };
		041F3A65268FA069004597B9 /* HomeView.swift in Sources */ = {isa = PBXBuildFile; fileRef = 041F3A64268FA069004597B9 /* HomeView.swift */; };
		041F3A67268FA09F004597B9 /* HomeViewModel.swift in Sources */ = {isa = PBXBuildFile; fileRef = 041F3A66268FA09F004597B9 /* HomeViewModel.swift */; };
		041F3A69268FA21D004597B9 /* Model.swift in Sources */ = {isa = PBXBuildFile; fileRef = 041F3A68268FA21D004597B9 /* Model.swift */; };
		041F3A6B268FA273004597B9 /* APIService.swift in Sources */ = {isa = PBXBuildFile; fileRef = 041F3A6A268FA273004597B9 /* APIService.swift */; };
		0480B56B2691809700EBBDCE /* MatchPreviewView.swift in Sources */ = {isa = PBXBuildFile; fileRef = 0480B56A2691809700EBBDCE /* MatchPreviewView.swift */; };
		0480B56E2691813600EBBDCE /* MatchDetailView.swift in Sources */ = {isa = PBXBuildFile; fileRef = 0480B56D2691813600EBBDCE /* MatchDetailView.swift */; };
/* End PBXBuildFile section */

/* Begin PBXFileReference section */
		041F3A50268F9F53004597B9 /* Bundesliga Tracker.app */ = {isa = PBXFileReference; explicitFileType = wrapper.application; includeInIndex = 0; path = "Bundesliga Tracker.app"; sourceTree = BUILT_PRODUCTS_DIR; };
		041F3A53268F9F54004597B9 /* Bundesliga_TrackerApp.swift */ = {isa = PBXFileReference; lastKnownFileType = sourcecode.swift; path = Bundesliga_TrackerApp.swift; sourceTree = "<group>"; };
		041F3A55268F9F54004597B9 /* ContentView.swift */ = {isa = PBXFileReference; lastKnownFileType = sourcecode.swift; path = ContentView.swift; sourceTree = "<group>"; };
		041F3A57268F9F54004597B9 /* Assets.xcassets */ = {isa = PBXFileReference; lastKnownFileType = folder.assetcatalog; path = Assets.xcassets; sourceTree = "<group>"; };
		041F3A5A268F9F54004597B9 /* Preview Assets.xcassets */ = {isa = PBXFileReference; lastKnownFileType = folder.assetcatalog; path = "Preview Assets.xcassets"; sourceTree = "<group>"; };
		041F3A64268FA069004597B9 /* HomeView.swift */ = {isa = PBXFileReference; lastKnownFileType = sourcecode.swift; path = HomeView.swift; sourceTree = "<group>"; };
		041F3A66268FA09F004597B9 /* HomeViewModel.swift */ = {isa = PBXFileReference; lastKnownFileType = sourcecode.swift; path = HomeViewModel.swift; sourceTree = "<group>"; };
		041F3A68268FA21D004597B9 /* Model.swift */ = {isa = PBXFileReference; lastKnownFileType = sourcecode.swift; path = Model.swift; sourceTree = "<group>"; };
		041F3A6A268FA273004597B9 /* APIService.swift */ = {isa = PBXFileReference; lastKnownFileType = sourcecode.swift; path = APIService.swift; sourceTree = "<group>"; };
		0480B56A2691809700EBBDCE /* MatchPreviewView.swift */ = {isa = PBXFileReference; lastKnownFileType = sourcecode.swift; path = MatchPreviewView.swift; sourceTree = "<group>"; };
		0480B56D2691813600EBBDCE /* MatchDetailView.swift */ = {isa = PBXFileReference; lastKnownFileType = sourcecode.swift; path = MatchDetailView.swift; sourceTree = "<group>"; };
/* End PBXFileReference section */

/* Begin PBXFrameworksBuildPhase section */
		041F3A4D268F9F53004597B9 /* Frameworks */ = {
			isa = PBXFrameworksBuildPhase;
			buildActionMask = 2147483647;
			files = (
			);
			runOnlyForDeploymentPostprocessing = 0;
		};
/* End PBXFrameworksBuildPhase section */

/* Begin PBXGroup section */
		041F3A47268F9F53004597B9 = {
			isa = PBXGroup;
			children = (
				041F3A52268F9F53004597B9 /* Bundesliga Tracker */,
				041F3A51268F9F53004597B9 /* Products */,
			);
			sourceTree = "<group>";
		};
		041F3A51268F9F53004597B9 /* Products */ = {
			isa = PBXGroup;
			children = (
				041F3A50268F9F53004597B9 /* Bundesliga Tracker.app */,
			);
			name = Products;
			sourceTree = "<group>";
		};
		041F3A52268F9F53004597B9 /* Bundesliga Tracker */ = {
			isa = PBXGroup;
			children = (
				041F3A62268F9F71004597B9 /* Feature Targets */,
				041F3A61268F9F6C004597B9 /* Data */,
				041F3A53268F9F54004597B9 /* Bundesliga_TrackerApp.swift */,
				041F3A55268F9F54004597B9 /* ContentView.swift */,
				041F3A57268F9F54004597B9 /* Assets.xcassets */,
				041F3A59268F9F54004597B9 /* Preview Content */,
			);
			path = "Bundesliga Tracker";
			sourceTree = "<group>";
		};
		041F3A59268F9F54004597B9 /* Preview Content */ = {
			isa = PBXGroup;
			children = (
				041F3A5A268F9F54004597B9 /* Preview Assets.xcassets */,
			);
			path = "Preview Content";
			sourceTree = "<group>";
		};
		041F3A61268F9F6C004597B9 /* Data */ = {
			isa = PBXGroup;
			children = (
				041F3A68268FA21D004597B9 /* Model.swift */,
				041F3A6A268FA273004597B9 /* APIService.swift */,
			);
			path = Data;
			sourceTree = "<group>";
		};
		041F3A62268F9F71004597B9 /* Feature Targets */ = {
			isa = PBXGroup;
			children = (
				0480B56C2691812D00EBBDCE /* Match */,
				041F3A63268FA05A004597B9 /* Home */,
			);
			path = "Feature Targets";
			sourceTree = "<group>";
		};
		041F3A63268FA05A004597B9 /* Home */ = {
			isa = PBXGroup;
			children = (
				041F3A64268FA069004597B9 /* HomeView.swift */,
				0480B56A2691809700EBBDCE /* MatchPreviewView.swift */,
				041F3A66268FA09F004597B9 /* HomeViewModel.swift */,
			);
			path = Home;
			sourceTree = "<group>";
		};
		0480B56C2691812D00EBBDCE /* Match */ = {
			isa = PBXGroup;
			children = (
				0480B56D2691813600EBBDCE /* MatchDetailView.swift */,
			);
			path = Match;
			sourceTree = "<group>";
		};
/* End PBXGroup section */

/* Begin PBXNativeTarget section */
		041F3A4F268F9F53004597B9 /* Bundesliga Tracker */ = {
			isa = PBXNativeTarget;
			buildConfigurationList = 041F3A5E268F9F54004597B9 /* Build configuration list for PBXNativeTarget "Bundesliga Tracker" */;
			buildPhases = (
				041F3A4C268F9F53004597B9 /* Sources */,
				041F3A4D268F9F53004597B9 /* Frameworks */,
				041F3A4E268F9F53004597B9 /* Resources */,
			);
			buildRules = (
			);
			dependencies = (
			);
			name = "Bundesliga Tracker";
			productName = "Bundesliga Tracker";
			productReference = 041F3A50268F9F53004597B9 /* Bundesliga Tracker.app */;
			productType = "com.apple.product-type.application";
		};
/* End PBXNativeTarget section */

/* Begin PBXProject section */
		041F3A48268F9F53004597B9 /* Project object */ = {
			isa = PBXProject;
			attributes = {
				BuildIndependentTargetsInParallel = 1;
				LastSwiftUpdateCheck = 1300;
				LastUpgradeCheck = 1300;
				TargetAttributes = {
					041F3A4F268F9F53004597B9 = {
						CreatedOnToolsVersion = 13.0;
					};
				};
			};
			buildConfigurationList = 041F3A4B268F9F53004597B9 /* Build configuration list for PBXProject "Bundesliga Tracker" */;
			compatibilityVersion = "Xcode 13.0";
			developmentRegion = en;
			hasScannedForEncodings = 0;
			knownRegions = (
				en,
				Base,
			);
			mainGroup = 041F3A47268F9F53004597B9;
			productRefGroup = 041F3A51268F9F53004597B9 /* Products */;
			projectDirPath = "";
			projectRoot = "";
			targets = (
				041F3A4F268F9F53004597B9 /* Bundesliga Tracker */,
			);
		};
/* End PBXProject section */

/* Begin PBXResourcesBuildPhase section */
		041F3A4E268F9F53004597B9 /* Resources */ = {
			isa = PBXResourcesBuildPhase;
			buildActionMask = 2147483647;
			files = (
				041F3A5B268F9F54004597B9 /* Preview Assets.xcassets in Resources */,
				041F3A58268F9F54004597B9 /* Assets.xcassets in Resources */,
			);
			runOnlyForDeploymentPostprocessing = 0;
		};
/* End PBXResourcesBuildPhase section */

/* Begin PBXSourcesBuildPhase section */
		041F3A4C268F9F53004597B9 /* Sources */ = {
			isa = PBXSourcesBuildPhase;
			buildActionMask = 2147483647;
			files = (
				0480B56B2691809700EBBDCE /* MatchPreviewView.swift in Sources */,
				041F3A69268FA21D004597B9 /* Model.swift in Sources */,
				041F3A65268FA069004597B9 /* HomeView.swift in Sources */,
				041F3A56268F9F54004597B9 /* ContentView.swift in Sources */,
				0480B56E2691813600EBBDCE /* MatchDetailView.swift in Sources */,
				041F3A54268F9F54004597B9 /* Bundesliga_TrackerApp.swift in Sources */,
				041F3A6B268FA273004597B9 /* APIService.swift in Sources */,
				041F3A67268FA09F004597B9 /* HomeViewModel.swift in Sources */,
			);
			runOnlyForDeploymentPostprocessing = 0;
		};
/* End PBXSourcesBuildPhase section */

/* Begin XCBuildConfiguration section */
		041F3A5C268F9F54004597B9 /* Debug */ = {
			isa = XCBuildConfiguration;
			buildSettings = {
				ALWAYS_SEARCH_USER_PATHS = NO;
				CLANG_ANALYZER_NONNULL = YES;
				CLANG_ANALYZER_NUMBER_OBJECT_CONVERSION = YES_AGGRESSIVE;
				CLANG_CXX_LANGUAGE_STANDARD = "gnu++14";
				CLANG_CXX_LIBRARY = "libc++";
				CLANG_ENABLE_MODULES = YES;
				CLANG_ENABLE_OBJC_ARC = YES;
				CLANG_ENABLE_OBJC_WEAK = YES;
				CLANG_WARN_BLOCK_CAPTURE_AUTORELEASING = YES;
				CLANG_WARN_BOOL_CONVERSION = YES;
				CLANG_WARN_COMMA = YES;
				CLANG_WARN_CONSTANT_CONVERSION = YES;
				CLANG_WARN_DEPRECATED_OBJC_IMPLEMENTATIONS = YES;
				CLANG_WARN_DIRECT_OBJC_ISA_USAGE = YES_ERROR;
				CLANG_WARN_DOCUMENTATION_COMMENTS = YES;
				CLANG_WARN_EMPTY_BODY = YES;
				CLANG_WARN_ENUM_CONVERSION = YES;
				CLANG_WARN_INFINITE_RECURSION = YES;
				CLANG_WARN_INT_CONVERSION = YES;
				CLANG_WARN_NON_LITERAL_NULL_CONVERSION = YES;
				CLANG_WARN_OBJC_IMPLICIT_RETAIN_SELF = YES;
				CLANG_WARN_OBJC_LITERAL_CONVERSION = YES;
				CLANG_WARN_OBJC_ROOT_CLASS = YES_ERROR;
				CLANG_WARN_QUOTED_INCLUDE_IN_FRAMEWORK_HEADER = YES;
				CLANG_WARN_RANGE_LOOP_ANALYSIS = YES;
				CLANG_WARN_STRICT_PROTOTYPES = YES;
				CLANG_WARN_SUSPICIOUS_MOVE = YES;
				CLANG_WARN_UNGUARDED_AVAILABILITY = YES_AGGRESSIVE;
				CLANG_WARN_UNREACHABLE_CODE = YES;
				CLANG_WARN__DUPLICATE_METHOD_MATCH = YES;
				COPY_PHASE_STRIP = NO;
				DEBUG_INFORMATION_FORMAT = dwarf;
				ENABLE_STRICT_OBJC_MSGSEND = YES;
				ENABLE_TESTABILITY = YES;
				GCC_C_LANGUAGE_STANDARD = gnu11;
				GCC_DYNAMIC_NO_PIC = NO;
				GCC_NO_COMMON_BLOCKS = YES;
				GCC_OPTIMIZATION_LEVEL = 0;
				GCC_PREPROCESSOR_DEFINITIONS = (
					"DEBUG=1",
					"$(inherited)",
				);
				GCC_WARN_64_TO_32_BIT_CONVERSION = YES;
				GCC_WARN_ABOUT_RETURN_TYPE = YES_ERROR;
				GCC_WARN_UNDECLARED_SELECTOR = YES;
				GCC_WARN_UNINITIALIZED_AUTOS = YES_AGGRESSIVE;
				GCC_WARN_UNUSED_FUNCTION = YES;
				GCC_WARN_UNUSED_VARIABLE = YES;
				IPHONEOS_DEPLOYMENT_TARGET = 15.0;
				MTL_ENABLE_DEBUG_INFO = INCLUDE_SOURCE;
				MTL_FAST_MATH = YES;
				ONLY_ACTIVE_ARCH = YES;
				SDKROOT = iphoneos;
				SWIFT_ACTIVE_COMPILATION_CONDITIONS = DEBUG;
				SWIFT_OPTIMIZATION_LEVEL = "-Onone";
			};
			name = Debug;
		};
		041F3A5D268F9F54004597B9 /* Release */ = {
			isa = XCBuildConfiguration;
			buildSettings = {
				ALWAYS_SEARCH_USER_PATHS = NO;
				CLANG_ANALYZER_NONNULL = YES;
				CLANG_ANALYZER_NUMBER_OBJECT_CONVERSION = YES_AGGRESSIVE;
				CLANG_CXX_LANGUAGE_STANDARD = "gnu++14";
				CLANG_CXX_LIBRARY = "libc++";
				CLANG_ENABLE_MODULES = YES;
				CLANG_ENABLE_OBJC_ARC = YES;
				CLANG_ENABLE_OBJC_WEAK = YES;
				CLANG_WARN_BLOCK_CAPTURE_AUTORELEASING = YES;
				CLANG_WARN_BOOL_CONVERSION = YES;
				CLANG_WARN_COMMA = YES;
				CLANG_WARN_CONSTANT_CONVERSION = YES;
				CLANG_WARN_DEPRECATED_OBJC_IMPLEMENTATIONS = YES;
				CLANG_WARN_DIRECT_OBJC_ISA_USAGE = YES_ERROR;
				CLANG_WARN_DOCUMENTATION_COMMENTS = YES;
				CLANG_WARN_EMPTY_BODY = YES;
				CLANG_WARN_ENUM_CONVERSION = YES;
				CLANG_WARN_INFINITE_RECURSION = YES;
				CLANG_WARN_INT_CONVERSION = YES;
				CLANG_WARN_NON_LITERAL_NULL_CONVERSION = YES;
				CLANG_WARN_OBJC_IMPLICIT_RETAIN_SELF = YES;
				CLANG_WARN_OBJC_LITERAL_CONVERSION = YES;
				CLANG_WARN_OBJC_ROOT_CLASS = YES_ERROR;
				CLANG_WARN_QUOTED_INCLUDE_IN_FRAMEWORK_HEADER = YES;
				CLANG_WARN_RANGE_LOOP_ANALYSIS = YES;
				CLANG_WARN_STRICT_PROTOTYPES = YES;
				CLANG_WARN_SUSPICIOUS_MOVE = YES;
				CLANG_WARN_UNGUARDED_AVAILABILITY = YES_AGGRESSIVE;
				CLANG_WARN_UNREACHABLE_CODE = YES;
				CLANG_WARN__DUPLICATE_METHOD_MATCH = YES;
				COPY_PHASE_STRIP = NO;
				DEBUG_INFORMATION_FORMAT = "dwarf-with-dsym";
				ENABLE_NS_ASSERTIONS = NO;
				ENABLE_STRICT_OBJC_MSGSEND = YES;
				GCC_C_LANGUAGE_STANDARD = gnu11;
				GCC_NO_COMMON_BLOCKS = YES;
				GCC_WARN_64_TO_32_BIT_CONVERSION = YES;
				GCC_WARN_ABOUT_RETURN_TYPE = YES_ERROR;
				GCC_WARN_UNDECLARED_SELECTOR = YES;
				GCC_WARN_UNINITIALIZED_AUTOS = YES_AGGRESSIVE;
				GCC_WARN_UNUSED_FUNCTION = YES;
				GCC_WARN_UNUSED_VARIABLE = YES;
				IPHONEOS_DEPLOYMENT_TARGET = 15.0;
				MTL_ENABLE_DEBUG_INFO = NO;
				MTL_FAST_MATH = YES;
				SDKROOT = iphoneos;
				SWIFT_COMPILATION_MODE = wholemodule;
				SWIFT_OPTIMIZATION_LEVEL = "-O";
				VALIDATE_PRODUCT = YES;
			};
			name = Release;
		};
		041F3A5F268F9F54004597B9 /* Debug */ = {
			isa = XCBuildConfiguration;
			buildSettings = {
				ASSETCATALOG_COMPILER_APPICON_NAME = AppIcon;
				ASSETCATALOG_COMPILER_GLOBAL_ACCENT_COLOR_NAME = AccentColor;
				CODE_SIGN_STYLE = Automatic;
				CURRENT_PROJECT_VERSION = 1;
				DEVELOPMENT_ASSET_PATHS = "\"Bundesliga Tracker/Preview Content\"";
				DEVELOPMENT_TEAM = 6YDE2UY2S5;
				ENABLE_PREVIEWS = YES;
				GENERATE_INFOPLIST_FILE = YES;
				INFOPLIST_KEY_UIApplicationSceneManifest_Generation = YES;
				INFOPLIST_KEY_UIApplicationSupportsIndirectInputEvents = YES;
				INFOPLIST_KEY_UILaunchScreen_Generation = YES;
				INFOPLIST_KEY_UISupportedInterfaceOrientations_iPad = "UIInterfaceOrientationPortrait UIInterfaceOrientationPortraitUpsideDown UIInterfaceOrientationLandscapeLeft UIInterfaceOrientationLandscapeRight";
				INFOPLIST_KEY_UISupportedInterfaceOrientations_iPhone = "UIInterfaceOrientationPortrait UIInterfaceOrientationLandscapeLeft UIInterfaceOrientationLandscapeRight";
				IPHONEOS_DEPLOYMENT_TARGET = 15.0;
				LD_RUNPATH_SEARCH_PATHS = (
					"$(inherited)",
					"@executable_path/Frameworks",
				);
				MARKETING_VERSION = 1.0;
				PRODUCT_BUNDLE_IDENTIFIER = "fschweizer.Bundesliga-Tracker";
				PRODUCT_NAME = "$(TARGET_NAME)";
				SWIFT_EMIT_LOC_STRINGS = YES;
				SWIFT_VERSION = 5.0;
				TARGETED_DEVICE_FAMILY = 1;
			};
			name = Debug;
		};
		041F3A60268F9F54004597B9 /* Release */ = {
			isa = XCBuildConfiguration;
			buildSettings = {
				ASSETCATALOG_COMPILER_APPICON_NAME = AppIcon;
				ASSETCATALOG_COMPILER_GLOBAL_ACCENT_COLOR_NAME = AccentColor;
				CODE_SIGN_STYLE = Automatic;
				CURRENT_PROJECT_VERSION = 1;
				DEVELOPMENT_ASSET_PATHS = "\"Bundesliga Tracker/Preview Content\"";
				DEVELOPMENT_TEAM = 6YDE2UY2S5;
				ENABLE_PREVIEWS = YES;
				GENERATE_INFOPLIST_FILE = YES;
				INFOPLIST_KEY_UIApplicationSceneManifest_Generation = YES;
				INFOPLIST_KEY_UIApplicationSupportsIndirectInputEvents = YES;
				INFOPLIST_KEY_UILaunchScreen_Generation = YES;
				INFOPLIST_KEY_UISupportedInterfaceOrientations_iPad = "UIInterfaceOrientationPortrait UIInterfaceOrientationPortraitUpsideDown UIInterfaceOrientationLandscapeLeft UIInterfaceOrientationLandscapeRight";
				INFOPLIST_KEY_UISupportedInterfaceOrientations_iPhone = "UIInterfaceOrientationPortrait UIInterfaceOrientationLandscapeLeft UIInterfaceOrientationLandscapeRight";
				IPHONEOS_DEPLOYMENT_TARGET = 15.0;
				LD_RUNPATH_SEARCH_PATHS = (
					"$(inherited)",
					"@executable_path/Frameworks",
				);
				MARKETING_VERSION = 1.0;
				PRODUCT_BUNDLE_IDENTIFIER = "fschweizer.Bundesliga-Tracker";
				PRODUCT_NAME = "$(TARGET_NAME)";
				SWIFT_EMIT_LOC_STRINGS = YES;
				SWIFT_VERSION = 5.0;
				TARGETED_DEVICE_FAMILY = 1;
			};
			name = Release;
		};
/* End XCBuildConfiguration section */

/* Begin XCConfigurationList section */
		041F3A4B268F9F53004597B9 /* Build configuration list for PBXProject "Bundesliga Tracker" */ = {
			isa = XCConfigurationList;
			buildConfigurations = (
				041F3A5C268F9F54004597B9 /* Debug */,
				041F3A5D268F9F54004597B9 /* Release */,
			);
			defaultConfigurationIsVisible = 0;
			defaultConfigurationName = Release;
		};
		041F3A5E268F9F54004597B9 /* Build configuration list for PBXNativeTarget "Bundesliga Tracker" */ = {
			isa = XCConfigurationList;
			buildConfigurations = (
				041F3A5F268F9F54004597B9 /* Debug */,
				041F3A60268F9F54004597B9 /* Release */,
			);
			defaultConfigurationIsVisible = 0;
			defaultConfigurationName = Release;
		};
/* End XCConfigurationList section */
	};
	rootObject = 041F3A48268F9F53004597B9 /* Project object */;
}
